
Microsoft Visual Studio Solution File, Format Version 12.00
# Visual Studio 15
VisualStudioVersion = 15.0.27428.2027
MinimumVisualStudioVersion = 10.0.40219.1
Project("{FAE04EC0-301F-11D3-BF4B-00C04F79EFBC}") = "SamuraiApp.Domain.DotNet", "SamuraiApp.Domain.DotNet\SamuraiApp.Domain.DotNet.csproj", "{52DD6006-6E6F-4FD0-BF3D-E7B0C09EBCE6}"
EndProject
Project("{FAE04EC0-301F-11D3-BF4B-00C04F79EFBC}") = "SamuraiApp.Data.DotNet", "SamuraiApp.Data.DotNet\SamuraiApp.Data.DotNet.csproj", "{11A56829-A872-4753-B24B-43550CA4764A}"
EndProject
Global
	GlobalSection(SolutionConfigurationPlatforms) = preSolution
		Debug|Any CPU = Debug|Any CPU
		Release|Any CPU = Release|Any CPU
	EndGlobalSection
	GlobalSection(ProjectConfigurationPlatforms) = postSolution
		{52DD6006-6E6F-4FD0-BF3D-E7B0C09EBCE6}.Debug|Any CPU.ActiveCfg = Debug|Any CPU
		{52DD6006-6E6F-4FD0-BF3D-E7B0C09EBCE6}.Debug|Any CPU.Build.0 = Debug|Any CPU
		{52DD6006-6E6F-4FD0-BF3D-E7B0C09EBCE6}.Release|Any CPU.ActiveCfg = Release|Any CPU
		{52DD6006-6E6F-4FD0-BF3D-E7B0C09EBCE6}.Release|Any CPU.Build.0 = Release|Any CPU
		{11A56829-A872-4753-B24B-43550CA4764A}.Debug|Any CPU.ActiveCfg = Debug|Any CPU
		{11A56829-A872-4753-B24B-43550CA4764A}.Debug|Any CPU.Build.0 = Debug|Any CPU
		{11A56829-A872-4753-B24B-43550CA4764A}.Release|Any CPU.ActiveCfg = Release|Any CPU
		{11A56829-A872-4753-B24B-43550CA4764A}.Release|Any CPU.Build.0 = Release|Any CPU
	EndGlobalSection
	GlobalSection(SolutionProperties) = preSolution
		HideSolutionNode = FALSE
	EndGlobalSection
	GlobalSection(ExtensibilityGlobals) = postSolution
		SolutionGuid = {FDA3F27D-AC50-48FF-885E-A1C6280DD056}
	EndGlobalSection
EndGlobal
