
Microsoft Visual Studio Solution File, Format Version 12.00
# Visual Studio 15
VisualStudioVersion = 15.0.26403.7
MinimumVisualStudioVersion = 10.0.40219.1
Project("{9A19103F-16F7-4668-BE54-9A1E7A4F7556}") = "Server.Api", "Server.Api\Server.Api.csproj", "{5AC86840-B62F-4972-8454-DF6E0AF1E8AE}"
EndProject
Project("{FAE04EC0-301F-11D3-BF4B-00C04F79EFBC}") = "Server.Tests", "Server.Tests\Server.Tests.csproj", "{27A8E252-217C-4B46-8132-385DF80224ED}"
EndProject
Global
	GlobalSection(SolutionConfigurationPlatforms) = preSolution
		Debug|Any CPU = Debug|Any CPU
		Release|Any CPU = Release|Any CPU
	EndGlobalSection
	GlobalSection(ProjectConfigurationPlatforms) = postSolution
		{5AC86840-B62F-4972-8454-DF6E0AF1E8AE}.Debug|Any CPU.ActiveCfg = Debug|Any CPU
		{5AC86840-B62F-4972-8454-DF6E0AF1E8AE}.Debug|Any CPU.Build.0 = Debug|Any CPU
		{5AC86840-B62F-4972-8454-DF6E0AF1E8AE}.Release|Any CPU.ActiveCfg = Release|Any CPU
		{5AC86840-B62F-4972-8454-DF6E0AF1E8AE}.Release|Any CPU.Build.0 = Release|Any CPU
		{27A8E252-217C-4B46-8132-385DF80224ED}.Debug|Any CPU.ActiveCfg = Debug|Any CPU
		{27A8E252-217C-4B46-8132-385DF80224ED}.Debug|Any CPU.Build.0 = Debug|Any CPU
		{27A8E252-217C-4B46-8132-385DF80224ED}.Release|Any CPU.ActiveCfg = Release|Any CPU
		{27A8E252-217C-4B46-8132-385DF80224ED}.Release|Any CPU.Build.0 = Release|Any CPU
	EndGlobalSection
	GlobalSection(SolutionProperties) = preSolution
		HideSolutionNode = FALSE
	EndGlobalSection
	GlobalSection(ExtensibilityGlobals) = postSolution
		SolutionGuid = {81B7AF7F-26E7-47CB-A331-30AE6A5ABA32}
	EndGlobalSection
EndGlobal
